
Microsoft Visual Studio Solution File, Format Version 12.00
# Visual Studio Version 17
VisualStudioVersion = 17.5.33530.505
MinimumVisualStudioVersion = 10.0.40219.1
Project("{FAE04EC0-301F-11D3-BF4B-00C04F79EFBC}") = "FibonacciSequence", "FibonacciSequence\FibonacciSequence.csproj", "{C7114578-ACC7-4C60-87F3-4E432DEE56B3}"
EndProject
Project("{FAE04EC0-301F-11D3-BF4B-00C04F79EFBC}") = "StringReverse", "StringReverse\StringReverse.csproj", "{ACF57584-A97D-4F7A-A77E-3C65205C30A0}"
EndProject
Project("{FAE04EC0-301F-11D3-BF4B-00C04F79EFBC}") = "PalindromeDetection", "PalindromeDetection\PalindromeDetection.csproj", "{24AE4751-1470-4ABF-B3DA-1961712BE55D}"
EndProject
Project("{FAE04EC0-301F-11D3-BF4B-00C04F79EFBC}") = "Recursion", "Recursion\Recursion.csproj", "{F1C3A85B-42D2-42FF-BC34-148C4DFDF97A}"
EndProject
Global
	GlobalSection(SolutionConfigurationPlatforms) = preSolution
		Debug|Any CPU = Debug|Any CPU
		Release|Any CPU = Release|Any CPU
	EndGlobalSection
	GlobalSection(ProjectConfigurationPlatforms) = postSolution
		{C7114578-ACC7-4C60-87F3-4E432DEE56B3}.Debug|Any CPU.ActiveCfg = Debug|Any CPU
		{C7114578-ACC7-4C60-87F3-4E432DEE56B3}.Debug|Any CPU.Build.0 = Debug|Any CPU
		{C7114578-ACC7-4C60-87F3-4E432DEE56B3}.Release|Any CPU.ActiveCfg = Release|Any CPU
		{C7114578-ACC7-4C60-87F3-4E432DEE56B3}.Release|Any CPU.Build.0 = Release|Any CPU
		{ACF57584-A97D-4F7A-A77E-3C65205C30A0}.Debug|Any CPU.ActiveCfg = Debug|Any CPU
		{ACF57584-A97D-4F7A-A77E-3C65205C30A0}.Debug|Any CPU.Build.0 = Debug|Any CPU
		{ACF57584-A97D-4F7A-A77E-3C65205C30A0}.Release|Any CPU.ActiveCfg = Release|Any CPU
		{ACF57584-A97D-4F7A-A77E-3C65205C30A0}.Release|Any CPU.Build.0 = Release|Any CPU
		{24AE4751-1470-4ABF-B3DA-1961712BE55D}.Debug|Any CPU.ActiveCfg = Debug|Any CPU
		{24AE4751-1470-4ABF-B3DA-1961712BE55D}.Debug|Any CPU.Build.0 = Debug|Any CPU
		{24AE4751-1470-4ABF-B3DA-1961712BE55D}.Release|Any CPU.ActiveCfg = Release|Any CPU
		{24AE4751-1470-4ABF-B3DA-1961712BE55D}.Release|Any CPU.Build.0 = Release|Any CPU
		{F1C3A85B-42D2-42FF-BC34-148C4DFDF97A}.Debug|Any CPU.ActiveCfg = Debug|Any CPU
		{F1C3A85B-42D2-42FF-BC34-148C4DFDF97A}.Debug|Any CPU.Build.0 = Debug|Any CPU
		{F1C3A85B-42D2-42FF-BC34-148C4DFDF97A}.Release|Any CPU.ActiveCfg = Release|Any CPU
		{F1C3A85B-42D2-42FF-BC34-148C4DFDF97A}.Release|Any CPU.Build.0 = Release|Any CPU
	EndGlobalSection
	GlobalSection(SolutionProperties) = preSolution
		HideSolutionNode = FALSE
	EndGlobalSection
	GlobalSection(ExtensibilityGlobals) = postSolution
		SolutionGuid = {711AA9DD-B8F5-48C9-B91B-C7028F1CC6A3}
	EndGlobalSection
EndGlobal
